
Microsoft Visual Studio Solution File, Format Version 12.00
# Visual Studio Version 17
VisualStudioVersion = 17.7.34009.444
MinimumVisualStudioVersion = 10.0.40219.1
Project("{9A19103F-16F7-4668-BE54-9A1E7A4F7556}") = "DataAccessLayer", "DataAccessLayer\DataAccessLayer.csproj", "{093B6205-4C15-48B9-B1CE-B1F83CE893DB}"
EndProject
Project("{9A19103F-16F7-4668-BE54-9A1E7A4F7556}") = "BusinessLayer", "BusinessLayer\BusinessLayer.csproj", "{D9230574-CEDC-4530-9EC0-3DE866E8DBC3}"
EndProject
Project("{9A19103F-16F7-4668-BE54-9A1E7A4F7556}") = "EntityLayer", "EntityLayer\EntityLayer.csproj", "{63C3E5CF-7813-49DF-A0F4-F20388406A24}"
EndProject
Project("{9A19103F-16F7-4668-BE54-9A1E7A4F7556}") = "UILayer", "UILayer\UILayer.csproj", "{B737B49D-C8BA-46D1-89BA-650FF9A7E7A2}"
EndProject
Project("{FAE04EC0-301F-11D3-BF4B-00C04F79EFBC}") = "TestUI", "TestUI\TestUI.csproj", "{3B0B9A84-FEEC-47B3-88D5-706A1608CAF0}"
EndProject
Project("{FAE04EC0-301F-11D3-BF4B-00C04F79EFBC}") = "Core", "Core\Core.csproj", "{E939587E-185A-47B0-ABF3-EFB36807949D}"
EndProject
Global
	GlobalSection(SolutionConfigurationPlatforms) = preSolution
		Debug|Any CPU = Debug|Any CPU
		Release|Any CPU = Release|Any CPU
	EndGlobalSection
	GlobalSection(ProjectConfigurationPlatforms) = postSolution
		{093B6205-4C15-48B9-B1CE-B1F83CE893DB}.Debug|Any CPU.ActiveCfg = Debug|Any CPU
		{093B6205-4C15-48B9-B1CE-B1F83CE893DB}.Debug|Any CPU.Build.0 = Debug|Any CPU
		{093B6205-4C15-48B9-B1CE-B1F83CE893DB}.Release|Any CPU.ActiveCfg = Release|Any CPU
		{093B6205-4C15-48B9-B1CE-B1F83CE893DB}.Release|Any CPU.Build.0 = Release|Any CPU
		{D9230574-CEDC-4530-9EC0-3DE866E8DBC3}.Debug|Any CPU.ActiveCfg = Debug|Any CPU
		{D9230574-CEDC-4530-9EC0-3DE866E8DBC3}.Debug|Any CPU.Build.0 = Debug|Any CPU
		{D9230574-CEDC-4530-9EC0-3DE866E8DBC3}.Release|Any CPU.ActiveCfg = Release|Any CPU
		{D9230574-CEDC-4530-9EC0-3DE866E8DBC3}.Release|Any CPU.Build.0 = Release|Any CPU
		{63C3E5CF-7813-49DF-A0F4-F20388406A24}.Debug|Any CPU.ActiveCfg = Debug|Any CPU
		{63C3E5CF-7813-49DF-A0F4-F20388406A24}.Debug|Any CPU.Build.0 = Debug|Any CPU
		{63C3E5CF-7813-49DF-A0F4-F20388406A24}.Release|Any CPU.ActiveCfg = Release|Any CPU
		{63C3E5CF-7813-49DF-A0F4-F20388406A24}.Release|Any CPU.Build.0 = Release|Any CPU
		{B737B49D-C8BA-46D1-89BA-650FF9A7E7A2}.Debug|Any CPU.ActiveCfg = Debug|Any CPU
		{B737B49D-C8BA-46D1-89BA-650FF9A7E7A2}.Debug|Any CPU.Build.0 = Debug|Any CPU
		{B737B49D-C8BA-46D1-89BA-650FF9A7E7A2}.Release|Any CPU.ActiveCfg = Release|Any CPU
		{B737B49D-C8BA-46D1-89BA-650FF9A7E7A2}.Release|Any CPU.Build.0 = Release|Any CPU
		{3B0B9A84-FEEC-47B3-88D5-706A1608CAF0}.Debug|Any CPU.ActiveCfg = Debug|Any CPU
		{3B0B9A84-FEEC-47B3-88D5-706A1608CAF0}.Debug|Any CPU.Build.0 = Debug|Any CPU
		{3B0B9A84-FEEC-47B3-88D5-706A1608CAF0}.Release|Any CPU.ActiveCfg = Release|Any CPU
		{3B0B9A84-FEEC-47B3-88D5-706A1608CAF0}.Release|Any CPU.Build.0 = Release|Any CPU
		{E939587E-185A-47B0-ABF3-EFB36807949D}.Debug|Any CPU.ActiveCfg = Debug|Any CPU
		{E939587E-185A-47B0-ABF3-EFB36807949D}.Debug|Any CPU.Build.0 = Debug|Any CPU
		{E939587E-185A-47B0-ABF3-EFB36807949D}.Release|Any CPU.ActiveCfg = Release|Any CPU
		{E939587E-185A-47B0-ABF3-EFB36807949D}.Release|Any CPU.Build.0 = Release|Any CPU
	EndGlobalSection
	GlobalSection(SolutionProperties) = preSolution
		HideSolutionNode = FALSE
	EndGlobalSection
	GlobalSection(ExtensibilityGlobals) = postSolution
		SolutionGuid = {27EA33A4-3134-4F80-B03A-140B616C03E3}
	EndGlobalSection
EndGlobal
